
Microsoft Visual Studio Solution File, Format Version 12.00
# Visual Studio 2012
Project("{FAE04EC0-301F-11D3-BF4B-00C04F79EFBC}") = "RBX", "RBX.csproj", "{6BC33718-9E56-4CB5-A17C-9554AF20237A}"
EndProject
Global
	GlobalSection(SolutionConfigurationPlatforms) = preSolution
		Debug|Any CPU = Debug|Any CPU
		Release|Any CPU = Release|Any CPU
	EndGlobalSection
	GlobalSection(ProjectConfigurationPlatforms) = postSolution
		{6BC33718-9E56-4CB5-A17C-9554AF20237A}.Debug|Any CPU.ActiveCfg = Debug|Any CPU
		{6BC33718-9E56-4CB5-A17C-9554AF20237A}.Debug|Any CPU.Build.0 = Debug|Any CPU
		{6BC33718-9E56-4CB5-A17C-9554AF20237A}.Release|Any CPU.ActiveCfg = Release|Any CPU
		{6BC33718-9E56-4CB5-A17C-9554AF20237A}.Release|Any CPU.Build.0 = Release|Any CPU
	EndGlobalSection
	GlobalSection(SolutionProperties) = preSolution
		HideSolutionNode = FALSE
	EndGlobalSection
EndGlobal
